// !$*UTF8*$!
{
	archiveVersion = 1;
	classes = {
	};
	objectVersion = 55;
	objects = {

/* Begin PBXBuildFile section */
		2E5C8E47282CF76A00001EC7 /* lobby.png in Resources */ = {isa = PBXBuildFile; fileRef = 2E5C8E33282CF76900001EC7 /* lobby.png */; };
		2E5C8E48282CF76A00001EC7 /* battlebg.png in Resources */ = {isa = PBXBuildFile; fileRef = 2E5C8E34282CF76900001EC7 /* battlebg.png */; };
		2E5C8E49282CF76A00001EC7 /* bgimage.jpg in Resources */ = {isa = PBXBuildFile; fileRef = 2E5C8E35282CF76900001EC7 /* bgimage.jpg */; };
		2E5C8E4A282CF76A00001EC7 /* waku.png in Resources */ = {isa = PBXBuildFile; fileRef = 2E5C8E36282CF76900001EC7 /* waku.png */; };
		2E5C8E4B282CF76A00001EC7 /* gold_button.png in Resources */ = {isa = PBXBuildFile; fileRef = 2E5C8E37282CF76900001EC7 /* gold_button.png */; };
		2E5C8E4C282CF76A00001EC7 /* yusya.png in Resources */ = {isa = PBXBuildFile; fileRef = 2E5C8E38282CF76900001EC7 /* yusya.png */; };
		2E5C8E4D282CF76A00001EC7 /* monster.png in Resources */ = {isa = PBXBuildFile; fileRef = 2E5C8E39282CF76900001EC7 /* monster.png */; };
		2E5C8E4E282CF76A00001EC7 /* TechMonManager.swift in Sources */ = {isa = PBXBuildFile; fileRef = 2E5C8E3B282CF76900001EC7 /* TechMonManager.swift */; };
		2E5C8E4F282CF76A00001EC7 /* Character.swift in Sources */ = {isa = PBXBuildFile; fileRef = 2E5C8E3C282CF76900001EC7 /* Character.swift */; };
		2E5C8E50282CF76A00001EC7 /* SE_fanfare.mp3 in Resources */ = {isa = PBXBuildFile; fileRef = 2E5C8E3E282CF76900001EC7 /* SE_fanfare.mp3 */; };
		2E5C8E51282CF76A00001EC7 /* BGM_battle001.mp3 in Resources */ = {isa = PBXBuildFile; fileRef = 2E5C8E3F282CF76900001EC7 /* BGM_battle001.mp3 */; };
		2E5C8E52282CF76A00001EC7 /* SE_fire.mp3 in Resources */ = {isa = PBXBuildFile; fileRef = 2E5C8E40282CF76900001EC7 /* SE_fire.mp3 */; };
		2E5C8E53282CF76A00001EC7 /* SE_attack.mp3 in Resources */ = {isa = PBXBuildFile; fileRef = 2E5C8E41282CF76900001EC7 /* SE_attack.mp3 */; };
		2E5C8E54282CF76A00001EC7 /* SE_gameover.mp3 in Resources */ = {isa = PBXBuildFile; fileRef = 2E5C8E42282CF76900001EC7 /* SE_gameover.mp3 */; };
		2E5C8E55282CF76A00001EC7 /* SE_charge.mp3 in Resources */ = {isa = PBXBuildFile; fileRef = 2E5C8E43282CF76900001EC7 /* SE_charge.mp3 */; };
		2E5C8E56282CF76A00001EC7 /* lobby.mp3 in Resources */ = {isa = PBXBuildFile; fileRef = 2E5C8E44282CF76900001EC7 /* lobby.mp3 */; };
		2E5C8E57282CF76A00001EC7 /* misaki_gothic.ttf in Resources */ = {isa = PBXBuildFile; fileRef = 2E5C8E46282CF76900001EC7 /* misaki_gothic.ttf */; };
		2E5C8E59282CFB0400001EC7 /* LobbyViewController.swift in Sources */ = {isa = PBXBuildFile; fileRef = 2E5C8E58282CFB0400001EC7 /* LobbyViewController.swift */; };
		2E5C8E5B282CFB0F00001EC7 /* BattleViewController.swift in Sources */ = {isa = PBXBuildFile; fileRef = 2E5C8E5A282CFB0F00001EC7 /* BattleViewController.swift */; };
		2EEA8D5A282CE3FA00AE4131 /* AppDelegate.swift in Sources */ = {isa = PBXBuildFile; fileRef = 2EEA8D59282CE3FA00AE4131 /* AppDelegate.swift */; };
		2EEA8D5C282CE3FA00AE4131 /* SceneDelegate.swift in Sources */ = {isa = PBXBuildFile; fileRef = 2EEA8D5B282CE3FA00AE4131 /* SceneDelegate.swift */; };
		2EEA8D5E282CE3FA00AE4131 /* ViewController.swift in Sources */ = {isa = PBXBuildFile; fileRef = 2EEA8D5D282CE3FA00AE4131 /* ViewController.swift */; };
		2EEA8D61282CE3FA00AE4131 /* Main.storyboard in Resources */ = {isa = PBXBuildFile; fileRef = 2EEA8D5F282CE3FA00AE4131 /* Main.storyboard */; };
		2EEA8D63282CE3FF00AE4131 /* Assets.xcassets in Resources */ = {isa = PBXBuildFile; fileRef = 2EEA8D62282CE3FF00AE4131 /* Assets.xcassets */; };
		2EEA8D66282CE3FF00AE4131 /* LaunchScreen.storyboard in Resources */ = {isa = PBXBuildFile; fileRef = 2EEA8D64282CE3FF00AE4131 /* LaunchScreen.storyboard */; };
/* End PBXBuildFile section */

/* Begin PBXFileReference section */
		2E5C8E33282CF76900001EC7 /* lobby.png */ = {isa = PBXFileReference; lastKnownFileType = image.png; path = lobby.png; sourceTree = "<group>"; };
		2E5C8E34282CF76900001EC7 /* battlebg.png */ = {isa = PBXFileReference; lastKnownFileType = image.png; path = battlebg.png; sourceTree = "<group>"; };
		2E5C8E35282CF76900001EC7 /* bgimage.jpg */ = {isa = PBXFileReference; lastKnownFileType = image.jpeg; path = bgimage.jpg; sourceTree = "<group>"; };
		2E5C8E36282CF76900001EC7 /* waku.png */ = {isa = PBXFileReference; lastKnownFileType = image.png; path = waku.png; sourceTree = "<group>"; };
		2E5C8E37282CF76900001EC7 /* gold_button.png */ = {isa = PBXFileReference; lastKnownFileType = image.png; path = gold_button.png; sourceTree = "<group>"; };
		2E5C8E38282CF76900001EC7 /* yusya.png */ = {isa = PBXFileReference; lastKnownFileType = image.png; path = yusya.png; sourceTree = "<group>"; };
		2E5C8E39282CF76900001EC7 /* monster.png */ = {isa = PBXFileReference; lastKnownFileType = image.png; path = monster.png; sourceTree = "<group>"; };
		2E5C8E3B282CF76900001EC7 /* TechMonManager.swift */ = {isa = PBXFileReference; fileEncoding = 4; lastKnownFileType = sourcecode.swift; path = TechMonManager.swift; sourceTree = "<group>"; };
		2E5C8E3C282CF76900001EC7 /* Character.swift */ = {isa = PBXFileReference; fileEncoding = 4; lastKnownFileType = sourcecode.swift; path = Character.swift; sourceTree = "<group>"; };
		2E5C8E3E282CF76900001EC7 /* SE_fanfare.mp3 */ = {isa = PBXFileReference; lastKnownFileType = audio.mp3; path = SE_fanfare.mp3; sourceTree = "<group>"; };
		2E5C8E3F282CF76900001EC7 /* BGM_battle001.mp3 */ = {isa = PBXFileReference; lastKnownFileType = audio.mp3; path = BGM_battle001.mp3; sourceTree = "<group>"; };
		2E5C8E40282CF76900001EC7 /* SE_fire.mp3 */ = {isa = PBXFileReference; lastKnownFileType = audio.mp3; path = SE_fire.mp3; sourceTree = "<group>"; };
		2E5C8E41282CF76900001EC7 /* SE_attack.mp3 */ = {isa = PBXFileReference; lastKnownFileType = audio.mp3; path = SE_attack.mp3; sourceTree = "<group>"; };
		2E5C8E42282CF76900001EC7 /* SE_gameover.mp3 */ = {isa = PBXFileReference; lastKnownFileType = audio.mp3; path = SE_gameover.mp3; sourceTree = "<group>"; };
		2E5C8E43282CF76900001EC7 /* SE_charge.mp3 */ = {isa = PBXFileReference; lastKnownFileType = audio.mp3; path = SE_charge.mp3; sourceTree = "<group>"; };
		2E5C8E44282CF76900001EC7 /* lobby.mp3 */ = {isa = PBXFileReference; lastKnownFileType = audio.mp3; path = lobby.mp3; sourceTree = "<group>"; };
		2E5C8E46282CF76900001EC7 /* misaki_gothic.ttf */ = {isa = PBXFileReference; lastKnownFileType = file; path = misaki_gothic.ttf; sourceTree = "<group>"; };
		2E5C8E58282CFB0400001EC7 /* LobbyViewController.swift */ = {isa = PBXFileReference; lastKnownFileType = sourcecode.swift; path = LobbyViewController.swift; sourceTree = "<group>"; };
		2E5C8E5A282CFB0F00001EC7 /* BattleViewController.swift */ = {isa = PBXFileReference; lastKnownFileType = sourcecode.swift; path = BattleViewController.swift; sourceTree = "<group>"; };
		2EEA8D56282CE3FA00AE4131 /* techmon.app */ = {isa = PBXFileReference; explicitFileType = wrapper.application; includeInIndex = 0; path = techmon.app; sourceTree = BUILT_PRODUCTS_DIR; };
		2EEA8D59282CE3FA00AE4131 /* AppDelegate.swift */ = {isa = PBXFileReference; lastKnownFileType = sourcecode.swift; path = AppDelegate.swift; sourceTree = "<group>"; };
		2EEA8D5B282CE3FA00AE4131 /* SceneDelegate.swift */ = {isa = PBXFileReference; lastKnownFileType = sourcecode.swift; path = SceneDelegate.swift; sourceTree = "<group>"; };
		2EEA8D5D282CE3FA00AE4131 /* ViewController.swift */ = {isa = PBXFileReference; lastKnownFileType = sourcecode.swift; path = ViewController.swift; sourceTree = "<group>"; };
		2EEA8D60282CE3FA00AE4131 /* Base */ = {isa = PBXFileReference; lastKnownFileType = file.storyboard; name = Base; path = Base.lproj/Main.storyboard; sourceTree = "<group>"; };
		2EEA8D62282CE3FF00AE4131 /* Assets.xcassets */ = {isa = PBXFileReference; lastKnownFileType = folder.assetcatalog; path = Assets.xcassets; sourceTree = "<group>"; };
		2EEA8D65282CE3FF00AE4131 /* Base */ = {isa = PBXFileReference; lastKnownFileType = file.storyboard; name = Base; path = Base.lproj/LaunchScreen.storyboard; sourceTree = "<group>"; };
		2EEA8D67282CE3FF00AE4131 /* Info.plist */ = {isa = PBXFileReference; lastKnownFileType = text.plist.xml; path = Info.plist; sourceTree = "<group>"; };
/* End PBXFileReference section */

/* Begin PBXFrameworksBuildPhase section */
		2EEA8D53282CE3FA00AE4131 /* Frameworks */ = {
			isa = PBXFrameworksBuildPhase;
			buildActionMask = 2147483647;
			files = (
			);
			runOnlyForDeploymentPostprocessing = 0;
		};
/* End PBXFrameworksBuildPhase section */

/* Begin PBXGroup section */
		2E5C8E31282CF76900001EC7 /* TechMon_Resource */ = {
			isa = PBXGroup;
			children = (
				2E5C8E32282CF76900001EC7 /* Images */,
				2E5C8E3A282CF76900001EC7 /* Models */,
				2E5C8E3D282CF76900001EC7 /* Sounds */,
				2E5C8E45282CF76900001EC7 /* Fonts */,
			);
			path = TechMon_Resource;
			sourceTree = "<group>";
		};
		2E5C8E32282CF76900001EC7 /* Images */ = {
			isa = PBXGroup;
			children = (
				2E5C8E33282CF76900001EC7 /* lobby.png */,
				2E5C8E34282CF76900001EC7 /* battlebg.png */,
				2E5C8E35282CF76900001EC7 /* bgimage.jpg */,
				2E5C8E36282CF76900001EC7 /* waku.png */,
				2E5C8E37282CF76900001EC7 /* gold_button.png */,
				2E5C8E38282CF76900001EC7 /* yusya.png */,
				2E5C8E39282CF76900001EC7 /* monster.png */,
			);
			path = Images;
			sourceTree = "<group>";
		};
		2E5C8E3A282CF76900001EC7 /* Models */ = {
			isa = PBXGroup;
			children = (
				2E5C8E3B282CF76900001EC7 /* TechMonManager.swift */,
				2E5C8E3C282CF76900001EC7 /* Character.swift */,
			);
			path = Models;
			sourceTree = "<group>";
		};
		2E5C8E3D282CF76900001EC7 /* Sounds */ = {
			isa = PBXGroup;
			children = (
				2E5C8E3E282CF76900001EC7 /* SE_fanfare.mp3 */,
				2E5C8E3F282CF76900001EC7 /* BGM_battle001.mp3 */,
				2E5C8E40282CF76900001EC7 /* SE_fire.mp3 */,
				2E5C8E41282CF76900001EC7 /* SE_attack.mp3 */,
				2E5C8E42282CF76900001EC7 /* SE_gameover.mp3 */,
				2E5C8E43282CF76900001EC7 /* SE_charge.mp3 */,
				2E5C8E44282CF76900001EC7 /* lobby.mp3 */,
			);
			path = Sounds;
			sourceTree = "<group>";
		};
		2E5C8E45282CF76900001EC7 /* Fonts */ = {
			isa = PBXGroup;
			children = (
				2E5C8E46282CF76900001EC7 /* misaki_gothic.ttf */,
			);
			path = Fonts;
			sourceTree = "<group>";
		};
		2EEA8D4D282CE3FA00AE4131 = {
			isa = PBXGroup;
			children = (
				2EEA8D58282CE3FA00AE4131 /* techmon */,
				2EEA8D57282CE3FA00AE4131 /* Products */,
			);
			sourceTree = "<group>";
		};
		2EEA8D57282CE3FA00AE4131 /* Products */ = {
			isa = PBXGroup;
			children = (
				2EEA8D56282CE3FA00AE4131 /* techmon.app */,
			);
			name = Products;
			sourceTree = "<group>";
		};
		2EEA8D58282CE3FA00AE4131 /* techmon */ = {
			isa = PBXGroup;
			children = (
				2E5C8E31282CF76900001EC7 /* TechMon_Resource */,
				2EEA8D59282CE3FA00AE4131 /* AppDelegate.swift */,
				2EEA8D5B282CE3FA00AE4131 /* SceneDelegate.swift */,
				2EEA8D5D282CE3FA00AE4131 /* ViewController.swift */,
				2EEA8D5F282CE3FA00AE4131 /* Main.storyboard */,
				2EEA8D62282CE3FF00AE4131 /* Assets.xcassets */,
				2EEA8D64282CE3FF00AE4131 /* LaunchScreen.storyboard */,
				2EEA8D67282CE3FF00AE4131 /* Info.plist */,
				2E5C8E58282CFB0400001EC7 /* LobbyViewController.swift */,
				2E5C8E5A282CFB0F00001EC7 /* BattleViewController.swift */,
			);
			path = techmon;
			sourceTree = "<group>";
		};
/* End PBXGroup section */

/* Begin PBXNativeTarget section */
		2EEA8D55282CE3FA00AE4131 /* techmon */ = {
			isa = PBXNativeTarget;
			buildConfigurationList = 2EEA8D6A282CE3FF00AE4131 /* Build configuration list for PBXNativeTarget "techmon" */;
			buildPhases = (
				2EEA8D52282CE3FA00AE4131 /* Sources */,
				2EEA8D53282CE3FA00AE4131 /* Frameworks */,
				2EEA8D54282CE3FA00AE4131 /* Resources */,
			);
			buildRules = (
			);
			dependencies = (
			);
			name = techmon;
			productName = techmon;
			productReference = 2EEA8D56282CE3FA00AE4131 /* techmon.app */;
			productType = "com.apple.product-type.application";
		};
/* End PBXNativeTarget section */

/* Begin PBXProject section */
		2EEA8D4E282CE3FA00AE4131 /* Project object */ = {
			isa = PBXProject;
			attributes = {
				BuildIndependentTargetsInParallel = 1;
				LastSwiftUpdateCheck = 1330;
				LastUpgradeCheck = 1330;
				TargetAttributes = {
					2EEA8D55282CE3FA00AE4131 = {
						CreatedOnToolsVersion = 13.3.1;
					};
				};
			};
			buildConfigurationList = 2EEA8D51282CE3FA00AE4131 /* Build configuration list for PBXProject "techmon" */;
			compatibilityVersion = "Xcode 13.0";
			developmentRegion = en;
			hasScannedForEncodings = 0;
			knownRegions = (
				en,
				Base,
			);
			mainGroup = 2EEA8D4D282CE3FA00AE4131;
			productRefGroup = 2EEA8D57282CE3FA00AE4131 /* Products */;
			projectDirPath = "";
			projectRoot = "";
			targets = (
				2EEA8D55282CE3FA00AE4131 /* techmon */,
			);
		};
/* End PBXProject section */

/* Begin PBXResourcesBuildPhase section */
		2EEA8D54282CE3FA00AE4131 /* Resources */ = {
			isa = PBXResourcesBuildPhase;
			buildActionMask = 2147483647;
			files = (
				2E5C8E4C282CF76A00001EC7 /* yusya.png in Resources */,
				2E5C8E49282CF76A00001EC7 /* bgimage.jpg in Resources */,
				2E5C8E4A282CF76A00001EC7 /* waku.png in Resources */,
				2E5C8E50282CF76A00001EC7 /* SE_fanfare.mp3 in Resources */,
				2E5C8E47282CF76A00001EC7 /* lobby.png in Resources */,
				2E5C8E4B282CF76A00001EC7 /* gold_button.png in Resources */,
				2E5C8E53282CF76A00001EC7 /* SE_attack.mp3 in Resources */,
				2EEA8D66282CE3FF00AE4131 /* LaunchScreen.storyboard in Resources */,
				2E5C8E56282CF76A00001EC7 /* lobby.mp3 in Resources */,
				2EEA8D63282CE3FF00AE4131 /* Assets.xcassets in Resources */,
				2E5C8E57282CF76A00001EC7 /* misaki_gothic.ttf in Resources */,
				2E5C8E54282CF76A00001EC7 /* SE_gameover.mp3 in Resources */,
				2E5C8E48282CF76A00001EC7 /* battlebg.png in Resources */,
				2E5C8E51282CF76A00001EC7 /* BGM_battle001.mp3 in Resources */,
				2E5C8E55282CF76A00001EC7 /* SE_charge.mp3 in Resources */,
				2E5C8E52282CF76A00001EC7 /* SE_fire.mp3 in Resources */,
				2E5C8E4D282CF76A00001EC7 /* monster.png in Resources */,
				2EEA8D61282CE3FA00AE4131 /* Main.storyboard in Resources */,
			);
			runOnlyForDeploymentPostprocessing = 0;
		};
/* End PBXResourcesBuildPhase section */

/* Begin PBXSourcesBuildPhase section */
		2EEA8D52282CE3FA00AE4131 /* Sources */ = {
			isa = PBXSourcesBuildPhase;
			buildActionMask = 2147483647;
			files = (
				2E5C8E5B282CFB0F00001EC7 /* BattleViewController.swift in Sources */,
				2E5C8E4E282CF76A00001EC7 /* TechMonManager.swift in Sources */,
				2EEA8D5E282CE3FA00AE4131 /* ViewController.swift in Sources */,
				2E5C8E4F282CF76A00001EC7 /* Character.swift in Sources */,
				2E5C8E59282CFB0400001EC7 /* LobbyViewController.swift in Sources */,
				2EEA8D5A282CE3FA00AE4131 /* AppDelegate.swift in Sources */,
				2EEA8D5C282CE3FA00AE4131 /* SceneDelegate.swift in Sources */,
			);
			runOnlyForDeploymentPostprocessing = 0;
		};
/* End PBXSourcesBuildPhase section */

/* Begin PBXVariantGroup section */
		2EEA8D5F282CE3FA00AE4131 /* Main.storyboard */ = {
			isa = PBXVariantGroup;
			children = (
				2EEA8D60282CE3FA00AE4131 /* Base */,
			);
			name = Main.storyboard;
			sourceTree = "<group>";
		};
		2EEA8D64282CE3FF00AE4131 /* LaunchScreen.storyboard */ = {
			isa = PBXVariantGroup;
			children = (
				2EEA8D65282CE3FF00AE4131 /* Base */,
			);
			name = LaunchScreen.storyboard;
			sourceTree = "<group>";
		};
/* End PBXVariantGroup section */

/* Begin XCBuildConfiguration section */
		2EEA8D68282CE3FF00AE4131 /* Debug */ = {
			isa = XCBuildConfiguration;
			buildSettings = {
				ALWAYS_SEARCH_USER_PATHS = NO;
				CLANG_ANALYZER_NONNULL = YES;
				CLANG_ANALYZER_NUMBER_OBJECT_CONVERSION = YES_AGGRESSIVE;
				CLANG_CXX_LANGUAGE_STANDARD = "gnu++17";
				CLANG_ENABLE_MODULES = YES;
				CLANG_ENABLE_OBJC_ARC = YES;
				CLANG_ENABLE_OBJC_WEAK = YES;
				CLANG_WARN_BLOCK_CAPTURE_AUTORELEASING = YES;
				CLANG_WARN_BOOL_CONVERSION = YES;
				CLANG_WARN_COMMA = YES;
				CLANG_WARN_CONSTANT_CONVERSION = YES;
				CLANG_WARN_DEPRECATED_OBJC_IMPLEMENTATIONS = YES;
				CLANG_WARN_DIRECT_OBJC_ISA_USAGE = YES_ERROR;
				CLANG_WARN_DOCUMENTATION_COMMENTS = YES;
				CLANG_WARN_EMPTY_BODY = YES;
				CLANG_WARN_ENUM_CONVERSION = YES;
				CLANG_WARN_INFINITE_RECURSION = YES;
				CLANG_WARN_INT_CONVERSION = YES;
				CLANG_WARN_NON_LITERAL_NULL_CONVERSION = YES;
				CLANG_WARN_OBJC_IMPLICIT_RETAIN_SELF = YES;
				CLANG_WARN_OBJC_LITERAL_CONVERSION = YES;
				CLANG_WARN_OBJC_ROOT_CLASS = YES_ERROR;
				CLANG_WARN_QUOTED_INCLUDE_IN_FRAMEWORK_HEADER = YES;
				CLANG_WARN_RANGE_LOOP_ANALYSIS = YES;
				CLANG_WARN_STRICT_PROTOTYPES = YES;
				CLANG_WARN_SUSPICIOUS_MOVE = YES;
				CLANG_WARN_UNGUARDED_AVAILABILITY = YES_AGGRESSIVE;
				CLANG_WARN_UNREACHABLE_CODE = YES;
				CLANG_WARN__DUPLICATE_METHOD_MATCH = YES;
				COPY_PHASE_STRIP = NO;
				DEBUG_INFORMATION_FORMAT = dwarf;
				ENABLE_STRICT_OBJC_MSGSEND = YES;
				ENABLE_TESTABILITY = YES;
				GCC_C_LANGUAGE_STANDARD = gnu11;
				GCC_DYNAMIC_NO_PIC = NO;
				GCC_NO_COMMON_BLOCKS = YES;
				GCC_OPTIMIZATION_LEVEL = 0;
				GCC_PREPROCESSOR_DEFINITIONS = (
					"DEBUG=1",
					"$(inherited)",
				);
				GCC_WARN_64_TO_32_BIT_CONVERSION = YES;
				GCC_WARN_ABOUT_RETURN_TYPE = YES_ERROR;
				GCC_WARN_UNDECLARED_SELECTOR = YES;
				GCC_WARN_UNINITIALIZED_AUTOS = YES_AGGRESSIVE;
				GCC_WARN_UNUSED_FUNCTION = YES;
				GCC_WARN_UNUSED_VARIABLE = YES;
				IPHONEOS_DEPLOYMENT_TARGET = 15.4;
				MTL_ENABLE_DEBUG_INFO = INCLUDE_SOURCE;
				MTL_FAST_MATH = YES;
				ONLY_ACTIVE_ARCH = YES;
				SDKROOT = iphoneos;
				SWIFT_ACTIVE_COMPILATION_CONDITIONS = DEBUG;
				SWIFT_OPTIMIZATION_LEVEL = "-Onone";
			};
			name = Debug;
		};
		2EEA8D69282CE3FF00AE4131 /* Release */ = {
			isa = XCBuildConfiguration;
			buildSettings = {
				ALWAYS_SEARCH_USER_PATHS = NO;
				CLANG_ANALYZER_NONNULL = YES;
				CLANG_ANALYZER_NUMBER_OBJECT_CONVERSION = YES_AGGRESSIVE;
				CLANG_CXX_LANGUAGE_STANDARD = "gnu++17";
				CLANG_ENABLE_MODULES = YES;
				CLANG_ENABLE_OBJC_ARC = YES;
				CLANG_ENABLE_OBJC_WEAK = YES;
				CLANG_WARN_BLOCK_CAPTURE_AUTORELEASING = YES;
				CLANG_WARN_BOOL_CONVERSION = YES;
				CLANG_WARN_COMMA = YES;
				CLANG_WARN_CONSTANT_CONVERSION = YES;
				CLANG_WARN_DEPRECATED_OBJC_IMPLEMENTATIONS = YES;
				CLANG_WARN_DIRECT_OBJC_ISA_USAGE = YES_ERROR;
				CLANG_WARN_DOCUMENTATION_COMMENTS = YES;
				CLANG_WARN_EMPTY_BODY = YES;
				CLANG_WARN_ENUM_CONVERSION = YES;
				CLANG_WARN_INFINITE_RECURSION = YES;
				CLANG_WARN_INT_CONVERSION = YES;
				CLANG_WARN_NON_LITERAL_NULL_CONVERSION = YES;
				CLANG_WARN_OBJC_IMPLICIT_RETAIN_SELF = YES;
				CLANG_WARN_OBJC_LITERAL_CONVERSION = YES;
				CLANG_WARN_OBJC_ROOT_CLASS = YES_ERROR;
				CLANG_WARN_QUOTED_INCLUDE_IN_FRAMEWORK_HEADER = YES;
				CLANG_WARN_RANGE_LOOP_ANALYSIS = YES;
				CLANG_WARN_STRICT_PROTOTYPES = YES;
				CLANG_WARN_SUSPICIOUS_MOVE = YES;
				CLANG_WARN_UNGUARDED_AVAILABILITY = YES_AGGRESSIVE;
				CLANG_WARN_UNREACHABLE_CODE = YES;
				CLANG_WARN__DUPLICATE_METHOD_MATCH = YES;
				COPY_PHASE_STRIP = NO;
				DEBUG_INFORMATION_FORMAT = "dwarf-with-dsym";
				ENABLE_NS_ASSERTIONS = NO;
				ENABLE_STRICT_OBJC_MSGSEND = YES;
				GCC_C_LANGUAGE_STANDARD = gnu11;
				GCC_NO_COMMON_BLOCKS = YES;
				GCC_WARN_64_TO_32_BIT_CONVERSION = YES;
				GCC_WARN_ABOUT_RETURN_TYPE = YES_ERROR;
				GCC_WARN_UNDECLARED_SELECTOR = YES;
				GCC_WARN_UNINITIALIZED_AUTOS = YES_AGGRESSIVE;
				GCC_WARN_UNUSED_FUNCTION = YES;
				GCC_WARN_UNUSED_VARIABLE = YES;
				IPHONEOS_DEPLOYMENT_TARGET = 15.4;
				MTL_ENABLE_DEBUG_INFO = NO;
				MTL_FAST_MATH = YES;
				SDKROOT = iphoneos;
				SWIFT_COMPILATION_MODE = wholemodule;
				SWIFT_OPTIMIZATION_LEVEL = "-O";
				VALIDATE_PRODUCT = YES;
			};
			name = Release;
		};
		2EEA8D6B282CE3FF00AE4131 /* Debug */ = {
			isa = XCBuildConfiguration;
			buildSettings = {
				ASSETCATALOG_COMPILER_APPICON_NAME = AppIcon;
				ASSETCATALOG_COMPILER_GLOBAL_ACCENT_COLOR_NAME = AccentColor;
				CODE_SIGN_STYLE = Automatic;
				CURRENT_PROJECT_VERSION = 1;
				GENERATE_INFOPLIST_FILE = YES;
				INFOPLIST_FILE = techmon/Info.plist;
				INFOPLIST_KEY_UIApplicationSupportsIndirectInputEvents = YES;
				INFOPLIST_KEY_UILaunchStoryboardName = LaunchScreen;
				INFOPLIST_KEY_UIMainStoryboardFile = Main;
				INFOPLIST_KEY_UISupportedInterfaceOrientations = UIInterfaceOrientationPortrait;
				INFOPLIST_KEY_UISupportedInterfaceOrientations_iPad = "UIInterfaceOrientationPortrait UIInterfaceOrientationPortraitUpsideDown UIInterfaceOrientationLandscapeLeft UIInterfaceOrientationLandscapeRight";
				INFOPLIST_KEY_UISupportedInterfaceOrientations_iPhone = "UIInterfaceOrientationPortrait UIInterfaceOrientationLandscapeLeft UIInterfaceOrientationLandscapeRight";
				LD_RUNPATH_SEARCH_PATHS = (
					"$(inherited)",
					"@executable_path/Frameworks",
				);
				MARKETING_VERSION = 1.0;
				PRODUCT_BUNDLE_IDENTIFIER = app.yamori.yamo.techmon;
				PRODUCT_NAME = "$(TARGET_NAME)";
				SWIFT_EMIT_LOC_STRINGS = YES;
				SWIFT_VERSION = 5.0;
				TARGETED_DEVICE_FAMILY = "1,2";
			};
			name = Debug;
		};
		2EEA8D6C282CE3FF00AE4131 /* Release */ = {
			isa = XCBuildConfiguration;
			buildSettings = {
				ASSETCATALOG_COMPILER_APPICON_NAME = AppIcon;
				ASSETCATALOG_COMPILER_GLOBAL_ACCENT_COLOR_NAME = AccentColor;
				CODE_SIGN_STYLE = Automatic;
				CURRENT_PROJECT_VERSION = 1;
				GENERATE_INFOPLIST_FILE = YES;
				INFOPLIST_FILE = techmon/Info.plist;
				INFOPLIST_KEY_UIApplicationSupportsIndirectInputEvents = YES;
				INFOPLIST_KEY_UILaunchStoryboardName = LaunchScreen;
				INFOPLIST_KEY_UIMainStoryboardFile = Main;
				INFOPLIST_KEY_UISupportedInterfaceOrientations = UIInterfaceOrientationPortrait;
				INFOPLIST_KEY_UISupportedInterfaceOrientations_iPad = "UIInterfaceOrientationPortrait UIInterfaceOrientationPortraitUpsideDown UIInterfaceOrientationLandscapeLeft UIInterfaceOrientationLandscapeRight";
				INFOPLIST_KEY_UISupportedInterfaceOrientations_iPhone = "UIInterfaceOrientationPortrait UIInterfaceOrientationLandscapeLeft UIInterfaceOrientationLandscapeRight";
				LD_RUNPATH_SEARCH_PATHS = (
					"$(inherited)",
					"@executable_path/Frameworks",
				);
				MARKETING_VERSION = 1.0;
				PRODUCT_BUNDLE_IDENTIFIER = app.yamori.yamo.techmon;
				PRODUCT_NAME = "$(TARGET_NAME)";
				SWIFT_EMIT_LOC_STRINGS = YES;
				SWIFT_VERSION = 5.0;
				TARGETED_DEVICE_FAMILY = "1,2";
			};
			name = Release;
		};
/* End XCBuildConfiguration section */

/* Begin XCConfigurationList section */
		2EEA8D51282CE3FA00AE4131 /* Build configuration list for PBXProject "techmon" */ = {
			isa = XCConfigurationList;
			buildConfigurations = (
				2EEA8D68282CE3FF00AE4131 /* Debug */,
				2EEA8D69282CE3FF00AE4131 /* Release */,
			);
			defaultConfigurationIsVisible = 0;
			defaultConfigurationName = Release;
		};
		2EEA8D6A282CE3FF00AE4131 /* Build configuration list for PBXNativeTarget "techmon" */ = {
			isa = XCConfigurationList;
			buildConfigurations = (
				2EEA8D6B282CE3FF00AE4131 /* Debug */,
				2EEA8D6C282CE3FF00AE4131 /* Release */,
			);
			defaultConfigurationIsVisible = 0;
			defaultConfigurationName = Release;
		};
/* End XCConfigurationList section */
	};
	rootObject = 2EEA8D4E282CE3FA00AE4131 /* Project object */;
}
